// !$*UTF8*$!
{
	archiveVersion = 1;
	classes = {
	};
	objectVersion = 56;
	objects = {

/* Begin PBXBuildFile section */
		47DDE8C02CD2EA5500A902F4 /* DesafioTabViewApp.swift in Sources */ = {isa = PBXBuildFile; fileRef = 47DDE8BF2CD2EA5500A902F4 /* DesafioTabViewApp.swift */; };
		47DDE8C22CD2EA5500A902F4 /* ContentView.swift in Sources */ = {isa = PBXBuildFile; fileRef = 47DDE8C12CD2EA5500A902F4 /* ContentView.swift */; };
		47DDE8C42CD2EA5600A902F4 /* Assets.xcassets in Resources */ = {isa = PBXBuildFile; fileRef = 47DDE8C32CD2EA5600A902F4 /* Assets.xcassets */; };
		47DDE8C72CD2EA5600A902F4 /* Preview Assets.xcassets in Resources */ = {isa = PBXBuildFile; fileRef = 47DDE8C62CD2EA5600A902F4 /* Preview Assets.xcassets */; };
		47DDE8CE2CD2EB4F00A902F4 /* RosaView.swift in Sources */ = {isa = PBXBuildFile; fileRef = 47DDE8CD2CD2EB4F00A902F4 /* RosaView.swift */; };
		47DDE8D02CD2ED7900A902F4 /* PencilView.swift in Sources */ = {isa = PBXBuildFile; fileRef = 47DDE8CF2CD2ED7900A902F4 /* PencilView.swift */; };
		47DDE8D22CD2ED9600A902F4 /* PaintView.swift in Sources */ = {isa = PBXBuildFile; fileRef = 47DDE8D12CD2ED9600A902F4 /* PaintView.swift */; };
		47DDE8D42CD2EDB900A902F4 /* ListView.swift in Sources */ = {isa = PBXBuildFile; fileRef = 47DDE8D32CD2EDB900A902F4 /* ListView.swift */; };
/* End PBXBuildFile section */

/* Begin PBXFileReference section */
		47DDE8BC2CD2EA5500A902F4 /* DesafioTabView.app */ = {isa = PBXFileReference; explicitFileType = wrapper.application; includeInIndex = 0; path = DesafioTabView.app; sourceTree = BUILT_PRODUCTS_DIR; };
		47DDE8BF2CD2EA5500A902F4 /* DesafioTabViewApp.swift */ = {isa = PBXFileReference; lastKnownFileType = sourcecode.swift; path = DesafioTabViewApp.swift; sourceTree = "<group>"; };
		47DDE8C12CD2EA5500A902F4 /* ContentView.swift */ = {isa = PBXFileReference; lastKnownFileType = sourcecode.swift; path = ContentView.swift; sourceTree = "<group>"; };
		47DDE8C32CD2EA5600A902F4 /* Assets.xcassets */ = {isa = PBXFileReference; lastKnownFileType = folder.assetcatalog; path = Assets.xcassets; sourceTree = "<group>"; };
		47DDE8C62CD2EA5600A902F4 /* Preview Assets.xcassets */ = {isa = PBXFileReference; lastKnownFileType = folder.assetcatalog; path = "Preview Assets.xcassets"; sourceTree = "<group>"; };
		47DDE8CD2CD2EB4F00A902F4 /* RosaView.swift */ = {isa = PBXFileReference; lastKnownFileType = sourcecode.swift; path = RosaView.swift; sourceTree = "<group>"; };
		47DDE8CF2CD2ED7900A902F4 /* PencilView.swift */ = {isa = PBXFileReference; lastKnownFileType = sourcecode.swift; path = PencilView.swift; sourceTree = "<group>"; };
		47DDE8D12CD2ED9600A902F4 /* PaintView.swift */ = {isa = PBXFileReference; lastKnownFileType = sourcecode.swift; path = PaintView.swift; sourceTree = "<group>"; };
		47DDE8D32CD2EDB900A902F4 /* ListView.swift */ = {isa = PBXFileReference; lastKnownFileType = sourcecode.swift; path = ListView.swift; sourceTree = "<group>"; };
/* End PBXFileReference section */

/* Begin PBXFrameworksBuildPhase section */
		47DDE8B92CD2EA5500A902F4 /* Frameworks */ = {
			isa = PBXFrameworksBuildPhase;
			buildActionMask = 2147483647;
			files = (
			);
			runOnlyForDeploymentPostprocessing = 0;
		};
/* End PBXFrameworksBuildPhase section */

/* Begin PBXGroup section */
		47DDE8B32CD2EA5500A902F4 = {
			isa = PBXGroup;
			children = (
				47DDE8BE2CD2EA5500A902F4 /* DesafioTabView */,
				47DDE8BD2CD2EA5500A902F4 /* Products */,
			);
			sourceTree = "<group>";
		};
		47DDE8BD2CD2EA5500A902F4 /* Products */ = {
			isa = PBXGroup;
			children = (
				47DDE8BC2CD2EA5500A902F4 /* DesafioTabView.app */,
			);
			name = Products;
			sourceTree = "<group>";
		};
		47DDE8BE2CD2EA5500A902F4 /* DesafioTabView */ = {
			isa = PBXGroup;
			children = (
				47DDE8BF2CD2EA5500A902F4 /* DesafioTabViewApp.swift */,
				47DDE8C12CD2EA5500A902F4 /* ContentView.swift */,
				47DDE8CD2CD2EB4F00A902F4 /* RosaView.swift */,
				47DDE8CF2CD2ED7900A902F4 /* PencilView.swift */,
				47DDE8D32CD2EDB900A902F4 /* ListView.swift */,
				47DDE8D12CD2ED9600A902F4 /* PaintView.swift */,
				47DDE8C32CD2EA5600A902F4 /* Assets.xcassets */,
				47DDE8C52CD2EA5600A902F4 /* Preview Content */,
			);
			path = DesafioTabView;
			sourceTree = "<group>";
		};
		47DDE8C52CD2EA5600A902F4 /* Preview Content */ = {
			isa = PBXGroup;
			children = (
				47DDE8C62CD2EA5600A902F4 /* Preview Assets.xcassets */,
			);
			path = "Preview Content";
			sourceTree = "<group>";
		};
/* End PBXGroup section */

/* Begin PBXNativeTarget section */
		47DDE8BB2CD2EA5500A902F4 /* DesafioTabView */ = {
			isa = PBXNativeTarget;
			buildConfigurationList = 47DDE8CA2CD2EA5600A902F4 /* Build configuration list for PBXNativeTarget "DesafioTabView" */;
			buildPhases = (
				47DDE8B82CD2EA5500A902F4 /* Sources */,
				47DDE8B92CD2EA5500A902F4 /* Frameworks */,
				47DDE8BA2CD2EA5500A902F4 /* Resources */,
			);
			buildRules = (
			);
			dependencies = (
			);
			name = DesafioTabView;
			productName = DesafioTabView;
			productReference = 47DDE8BC2CD2EA5500A902F4 /* DesafioTabView.app */;
			productType = "com.apple.product-type.application";
		};
/* End PBXNativeTarget section */

/* Begin PBXProject section */
		47DDE8B42CD2EA5500A902F4 /* Project object */ = {
			isa = PBXProject;
			attributes = {
				BuildIndependentTargetsInParallel = 1;
				LastSwiftUpdateCheck = 1540;
				LastUpgradeCheck = 1540;
				TargetAttributes = {
					47DDE8BB2CD2EA5500A902F4 = {
						CreatedOnToolsVersion = 15.4;
					};
				};
			};
			buildConfigurationList = 47DDE8B72CD2EA5500A902F4 /* Build configuration list for PBXProject "DesafioTabView" */;
			compatibilityVersion = "Xcode 14.0";
			developmentRegion = en;
			hasScannedForEncodings = 0;
			knownRegions = (
				en,
				Base,
			);
			mainGroup = 47DDE8B32CD2EA5500A902F4;
			productRefGroup = 47DDE8BD2CD2EA5500A902F4 /* Products */;
			projectDirPath = "";
			projectRoot = "";
			targets = (
				47DDE8BB2CD2EA5500A902F4 /* DesafioTabView */,
			);
		};
/* End PBXProject section */

/* Begin PBXResourcesBuildPhase section */
		47DDE8BA2CD2EA5500A902F4 /* Resources */ = {
			isa = PBXResourcesBuildPhase;
			buildActionMask = 2147483647;
			files = (
				47DDE8C72CD2EA5600A902F4 /* Preview Assets.xcassets in Resources */,
				47DDE8C42CD2EA5600A902F4 /* Assets.xcassets in Resources */,
			);
			runOnlyForDeploymentPostprocessing = 0;
		};
/* End PBXResourcesBuildPhase section */

/* Begin PBXSourcesBuildPhase section */
		47DDE8B82CD2EA5500A902F4 /* Sources */ = {
			isa = PBXSourcesBuildPhase;
			buildActionMask = 2147483647;
			files = (
				47DDE8C22CD2EA5500A902F4 /* ContentView.swift in Sources */,
				47DDE8D22CD2ED9600A902F4 /* PaintView.swift in Sources */,
				47DDE8D42CD2EDB900A902F4 /* ListView.swift in Sources */,
				47DDE8D02CD2ED7900A902F4 /* PencilView.swift in Sources */,
				47DDE8C02CD2EA5500A902F4 /* DesafioTabViewApp.swift in Sources */,
				47DDE8CE2CD2EB4F00A902F4 /* RosaView.swift in Sources */,
			);
			runOnlyForDeploymentPostprocessing = 0;
		};
/* End PBXSourcesBuildPhase section */

/* Begin XCBuildConfiguration section */
		47DDE8C82CD2EA5600A902F4 /* Debug */ = {
			isa = XCBuildConfiguration;
			buildSettings = {
				ALWAYS_SEARCH_USER_PATHS = NO;
				ASSETCATALOG_COMPILER_GENERATE_SWIFT_ASSET_SYMBOL_EXTENSIONS = YES;
				CLANG_ANALYZER_NONNULL = YES;
				CLANG_ANALYZER_NUMBER_OBJECT_CONVERSION = YES_AGGRESSIVE;
				CLANG_CXX_LANGUAGE_STANDARD = "gnu++20";
				CLANG_ENABLE_MODULES = YES;
				CLANG_ENABLE_OBJC_ARC = YES;
				CLANG_ENABLE_OBJC_WEAK = YES;
				CLANG_WARN_BLOCK_CAPTURE_AUTORELEASING = YES;
				CLANG_WARN_BOOL_CONVERSION = YES;
				CLANG_WARN_COMMA = YES;
				CLANG_WARN_CONSTANT_CONVERSION = YES;
				CLANG_WARN_DEPRECATED_OBJC_IMPLEMENTATIONS = YES;
				CLANG_WARN_DIRECT_OBJC_ISA_USAGE = YES_ERROR;
				CLANG_WARN_DOCUMENTATION_COMMENTS = YES;
				CLANG_WARN_EMPTY_BODY = YES;
				CLANG_WARN_ENUM_CONVERSION = YES;
				CLANG_WARN_INFINITE_RECURSION = YES;
				CLANG_WARN_INT_CONVERSION = YES;
				CLANG_WARN_NON_LITERAL_NULL_CONVERSION = YES;
				CLANG_WARN_OBJC_IMPLICIT_RETAIN_SELF = YES;
				CLANG_WARN_OBJC_LITERAL_CONVERSION = YES;
				CLANG_WARN_OBJC_ROOT_CLASS = YES_ERROR;
				CLANG_WARN_QUOTED_INCLUDE_IN_FRAMEWORK_HEADER = YES;
				CLANG_WARN_RANGE_LOOP_ANALYSIS = YES;
				CLANG_WARN_STRICT_PROTOTYPES = YES;
				CLANG_WARN_SUSPICIOUS_MOVE = YES;
				CLANG_WARN_UNGUARDED_AVAILABILITY = YES_AGGRESSIVE;
				CLANG_WARN_UNREACHABLE_CODE = YES;
				CLANG_WARN__DUPLICATE_METHOD_MATCH = YES;
				COPY_PHASE_STRIP = NO;
				DEBUG_INFORMATION_FORMAT = dwarf;
				ENABLE_STRICT_OBJC_MSGSEND = YES;
				ENABLE_TESTABILITY = YES;
				ENABLE_USER_SCRIPT_SANDBOXING = YES;
				GCC_C_LANGUAGE_STANDARD = gnu17;
				GCC_DYNAMIC_NO_PIC = NO;
				GCC_NO_COMMON_BLOCKS = YES;
				GCC_OPTIMIZATION_LEVEL = 0;
				GCC_PREPROCESSOR_DEFINITIONS = (
					"DEBUG=1",
					"$(inherited)",
				);
				GCC_WARN_64_TO_32_BIT_CONVERSION = YES;
				GCC_WARN_ABOUT_RETURN_TYPE = YES_ERROR;
				GCC_WARN_UNDECLARED_SELECTOR = YES;
				GCC_WARN_UNINITIALIZED_AUTOS = YES_AGGRESSIVE;
				GCC_WARN_UNUSED_FUNCTION = YES;
				GCC_WARN_UNUSED_VARIABLE = YES;
				IPHONEOS_DEPLOYMENT_TARGET = 17.5;
				LOCALIZATION_PREFERS_STRING_CATALOGS = YES;
				MTL_ENABLE_DEBUG_INFO = INCLUDE_SOURCE;
				MTL_FAST_MATH = YES;
				ONLY_ACTIVE_ARCH = YES;
				SDKROOT = iphoneos;
				SWIFT_ACTIVE_COMPILATION_CONDITIONS = "DEBUG $(inherited)";
				SWIFT_OPTIMIZATION_LEVEL = "-Onone";
			};
			name = Debug;
		};
		47DDE8C92CD2EA5600A902F4 /* Release */ = {
			isa = XCBuildConfiguration;
			buildSettings = {
				ALWAYS_SEARCH_USER_PATHS = NO;
				ASSETCATALOG_COMPILER_GENERATE_SWIFT_ASSET_SYMBOL_EXTENSIONS = YES;
				CLANG_ANALYZER_NONNULL = YES;
				CLANG_ANALYZER_NUMBER_OBJECT_CONVERSION = YES_AGGRESSIVE;
				CLANG_CXX_LANGUAGE_STANDARD = "gnu++20";
				CLANG_ENABLE_MODULES = YES;
				CLANG_ENABLE_OBJC_ARC = YES;
				CLANG_ENABLE_OBJC_WEAK = YES;
				CLANG_WARN_BLOCK_CAPTURE_AUTORELEASING = YES;
				CLANG_WARN_BOOL_CONVERSION = YES;
				CLANG_WARN_COMMA = YES;
				CLANG_WARN_CONSTANT_CONVERSION = YES;
				CLANG_WARN_DEPRECATED_OBJC_IMPLEMENTATIONS = YES;
				CLANG_WARN_DIRECT_OBJC_ISA_USAGE = YES_ERROR;
				CLANG_WARN_DOCUMENTATION_COMMENTS = YES;
				CLANG_WARN_EMPTY_BODY = YES;
				CLANG_WARN_ENUM_CONVERSION = YES;
				CLANG_WARN_INFINITE_RECURSION = YES;
				CLANG_WARN_INT_CONVERSION = YES;
				CLANG_WARN_NON_LITERAL_NULL_CONVERSION = YES;
				CLANG_WARN_OBJC_IMPLICIT_RETAIN_SELF = YES;
				CLANG_WARN_OBJC_LITERAL_CONVERSION = YES;
				CLANG_WARN_OBJC_ROOT_CLASS = YES_ERROR;
				CLANG_WARN_QUOTED_INCLUDE_IN_FRAMEWORK_HEADER = YES;
				CLANG_WARN_RANGE_LOOP_ANALYSIS = YES;
				CLANG_WARN_STRICT_PROTOTYPES = YES;
				CLANG_WARN_SUSPICIOUS_MOVE = YES;
				CLANG_WARN_UNGUARDED_AVAILABILITY = YES_AGGRESSIVE;
				CLANG_WARN_UNREACHABLE_CODE = YES;
				CLANG_WARN__DUPLICATE_METHOD_MATCH = YES;
				COPY_PHASE_STRIP = NO;
				DEBUG_INFORMATION_FORMAT = "dwarf-with-dsym";
				ENABLE_NS_ASSERTIONS = NO;
				ENABLE_STRICT_OBJC_MSGSEND = YES;
				ENABLE_USER_SCRIPT_SANDBOXING = YES;
				GCC_C_LANGUAGE_STANDARD = gnu17;
				GCC_NO_COMMON_BLOCKS = YES;
				GCC_WARN_64_TO_32_BIT_CONVERSION = YES;
				GCC_WARN_ABOUT_RETURN_TYPE = YES_ERROR;
				GCC_WARN_UNDECLARED_SELECTOR = YES;
				GCC_WARN_UNINITIALIZED_AUTOS = YES_AGGRESSIVE;
				GCC_WARN_UNUSED_FUNCTION = YES;
				GCC_WARN_UNUSED_VARIABLE = YES;
				IPHONEOS_DEPLOYMENT_TARGET = 17.5;
				LOCALIZATION_PREFERS_STRING_CATALOGS = YES;
				MTL_ENABLE_DEBUG_INFO = NO;
				MTL_FAST_MATH = YES;
				SDKROOT = iphoneos;
				SWIFT_COMPILATION_MODE = wholemodule;
				VALIDATE_PRODUCT = YES;
			};
			name = Release;
		};
		47DDE8CB2CD2EA5600A902F4 /* Debug */ = {
			isa = XCBuildConfiguration;
			buildSettings = {
				ASSETCATALOG_COMPILER_APPICON_NAME = AppIcon;
				ASSETCATALOG_COMPILER_GLOBAL_ACCENT_COLOR_NAME = AccentColor;
				CODE_SIGN_STYLE = Automatic;
				CURRENT_PROJECT_VERSION = 1;
				DEVELOPMENT_ASSET_PATHS = "\"DesafioTabView/Preview Content\"";
				ENABLE_PREVIEWS = YES;
				GENERATE_INFOPLIST_FILE = YES;
				INFOPLIST_KEY_UIApplicationSceneManifest_Generation = YES;
				INFOPLIST_KEY_UIApplicationSupportsIndirectInputEvents = YES;
				INFOPLIST_KEY_UILaunchScreen_Generation = YES;
				INFOPLIST_KEY_UISupportedInterfaceOrientations_iPad = "UIInterfaceOrientationPortrait UIInterfaceOrientationPortraitUpsideDown UIInterfaceOrientationLandscapeLeft UIInterfaceOrientationLandscapeRight";
				INFOPLIST_KEY_UISupportedInterfaceOrientations_iPhone = "UIInterfaceOrientationPortrait UIInterfaceOrientationLandscapeLeft UIInterfaceOrientationLandscapeRight";
				LD_RUNPATH_SEARCH_PATHS = (
					"$(inherited)",
					"@executable_path/Frameworks",
				);
				MARKETING_VERSION = 1.0;
				PRODUCT_BUNDLE_IDENTIFIER = nivaldoguedes.DesafioTabView;
				PRODUCT_NAME = "$(TARGET_NAME)";
				SWIFT_EMIT_LOC_STRINGS = YES;
				SWIFT_VERSION = 5.0;
				TARGETED_DEVICE_FAMILY = "1,2";
			};
			name = Debug;
		};
		47DDE8CC2CD2EA5600A902F4 /* Release */ = {
			isa = XCBuildConfiguration;
			buildSettings = {
				ASSETCATALOG_COMPILER_APPICON_NAME = AppIcon;
				ASSETCATALOG_COMPILER_GLOBAL_ACCENT_COLOR_NAME = AccentColor;
				CODE_SIGN_STYLE = Automatic;
				CURRENT_PROJECT_VERSION = 1;
				DEVELOPMENT_ASSET_PATHS = "\"DesafioTabView/Preview Content\"";
				ENABLE_PREVIEWS = YES;
				GENERATE_INFOPLIST_FILE = YES;
				INFOPLIST_KEY_UIApplicationSceneManifest_Generation = YES;
				INFOPLIST_KEY_UIApplicationSupportsIndirectInputEvents = YES;
				INFOPLIST_KEY_UILaunchScreen_Generation = YES;
				INFOPLIST_KEY_UISupportedInterfaceOrientations_iPad = "UIInterfaceOrientationPortrait UIInterfaceOrientationPortraitUpsideDown UIInterfaceOrientationLandscapeLeft UIInterfaceOrientationLandscapeRight";
				INFOPLIST_KEY_UISupportedInterfaceOrientations_iPhone = "UIInterfaceOrientationPortrait UIInterfaceOrientationLandscapeLeft UIInterfaceOrientationLandscapeRight";
				LD_RUNPATH_SEARCH_PATHS = (
					"$(inherited)",
					"@executable_path/Frameworks",
				);
				MARKETING_VERSION = 1.0;
				PRODUCT_BUNDLE_IDENTIFIER = nivaldoguedes.DesafioTabView;
				PRODUCT_NAME = "$(TARGET_NAME)";
				SWIFT_EMIT_LOC_STRINGS = YES;
				SWIFT_VERSION = 5.0;
				TARGETED_DEVICE_FAMILY = "1,2";
			};
			name = Release;
		};
/* End XCBuildConfiguration section */

/* Begin XCConfigurationList section */
		47DDE8B72CD2EA5500A902F4 /* Build configuration list for PBXProject "DesafioTabView" */ = {
			isa = XCConfigurationList;
			buildConfigurations = (
				47DDE8C82CD2EA5600A902F4 /* Debug */,
				47DDE8C92CD2EA5600A902F4 /* Release */,
			);
			defaultConfigurationIsVisible = 0;
			defaultConfigurationName = Release;
		};
		47DDE8CA2CD2EA5600A902F4 /* Build configuration list for PBXNativeTarget "DesafioTabView" */ = {
			isa = XCConfigurationList;
			buildConfigurations = (
				47DDE8CB2CD2EA5600A902F4 /* Debug */,
				47DDE8CC2CD2EA5600A902F4 /* Release */,
			);
			defaultConfigurationIsVisible = 0;
			defaultConfigurationName = Release;
		};
/* End XCConfigurationList section */
	};
	rootObject = 47DDE8B42CD2EA5500A902F4 /* Project object */;
}
